
Microsoft Visual Studio Solution File, Format Version 12.00
# Visual Studio Version 17
VisualStudioVersion = 17.10.35122.118
MinimumVisualStudioVersion = 10.0.40219.1
Project("{FAE04EC0-301F-11D3-BF4B-00C04F79EFBC}") = "KütüphaneOtomasyon", "KütüphaneOtomasyon.csproj", "{DB59F248-595C-460C-8B31-868C8120C431}"
EndProject
Global
	GlobalSection(SolutionConfigurationPlatforms) = preSolution
		Debug|Any CPU = Debug|Any CPU
		Release|Any CPU = Release|Any CPU
	EndGlobalSection
	GlobalSection(ProjectConfigurationPlatforms) = postSolution
		{DB59F248-595C-460C-8B31-868C8120C431}.Debug|Any CPU.ActiveCfg = Debug|Any CPU
		{DB59F248-595C-460C-8B31-868C8120C431}.Debug|Any CPU.Build.0 = Debug|Any CPU
		{DB59F248-595C-460C-8B31-868C8120C431}.Release|Any CPU.ActiveCfg = Release|Any CPU
		{DB59F248-595C-460C-8B31-868C8120C431}.Release|Any CPU.Build.0 = Release|Any CPU
	EndGlobalSection
	GlobalSection(SolutionProperties) = preSolution
		HideSolutionNode = FALSE
	EndGlobalSection
	GlobalSection(ExtensibilityGlobals) = postSolution
		SolutionGuid = {AD610884-841F-4C4E-9EE7-1F750DBCED19}
	EndGlobalSection
EndGlobal
